
Microsoft Visual Studio Solution File, Format Version 12.00
# Visual Studio Version 17
VisualStudioVersion = 17.5.002.0
MinimumVisualStudioVersion = 10.0.40219.1
Project("{9A19103F-16F7-4668-BE54-9A1E7A4F7556}") = "Lab1", "Lab1.csproj", "{4777190B-49D9-433B-A3DB-8150124E69F4}"
EndProject
Project("{FAE04EC0-301F-11D3-BF4B-00C04F79EFBC}") = "Lab6", "Lab6\Lab6.csproj", "{BDA925B2-A242-4FD3-A7E7-82326F74168A}"
EndProject
Project("{FAE04EC0-301F-11D3-BF4B-00C04F79EFBC}") = "orm.test", "orm.test\orm.test.csproj", "{E924EB76-BB35-4ED9-AA01-5F828FDD15F2}"
EndProject
Global
	GlobalSection(SolutionConfigurationPlatforms) = preSolution
		Debug|Any CPU = Debug|Any CPU
		Release|Any CPU = Release|Any CPU
	EndGlobalSection
	GlobalSection(ProjectConfigurationPlatforms) = postSolution
		{4777190B-49D9-433B-A3DB-8150124E69F4}.Debug|Any CPU.ActiveCfg = Debug|Any CPU
		{4777190B-49D9-433B-A3DB-8150124E69F4}.Debug|Any CPU.Build.0 = Debug|Any CPU
		{4777190B-49D9-433B-A3DB-8150124E69F4}.Release|Any CPU.ActiveCfg = Release|Any CPU
		{4777190B-49D9-433B-A3DB-8150124E69F4}.Release|Any CPU.Build.0 = Release|Any CPU
		{BDA925B2-A242-4FD3-A7E7-82326F74168A}.Debug|Any CPU.ActiveCfg = Debug|Any CPU
		{BDA925B2-A242-4FD3-A7E7-82326F74168A}.Debug|Any CPU.Build.0 = Debug|Any CPU
		{BDA925B2-A242-4FD3-A7E7-82326F74168A}.Release|Any CPU.ActiveCfg = Release|Any CPU
		{BDA925B2-A242-4FD3-A7E7-82326F74168A}.Release|Any CPU.Build.0 = Release|Any CPU
		{E924EB76-BB35-4ED9-AA01-5F828FDD15F2}.Debug|Any CPU.ActiveCfg = Debug|Any CPU
		{E924EB76-BB35-4ED9-AA01-5F828FDD15F2}.Debug|Any CPU.Build.0 = Debug|Any CPU
		{E924EB76-BB35-4ED9-AA01-5F828FDD15F2}.Release|Any CPU.ActiveCfg = Release|Any CPU
		{E924EB76-BB35-4ED9-AA01-5F828FDD15F2}.Release|Any CPU.Build.0 = Release|Any CPU
	EndGlobalSection
	GlobalSection(SolutionProperties) = preSolution
		HideSolutionNode = FALSE
	EndGlobalSection
	GlobalSection(ExtensibilityGlobals) = postSolution
		SolutionGuid = {D2A77FB7-0328-4902-9B3D-17EDE4F97088}
	EndGlobalSection
EndGlobal
